
Microsoft Visual Studio Solution File, Format Version 12.00
# Visual Studio Version 16
VisualStudioVersion = 16.0.31005.135
MinimumVisualStudioVersion = 10.0.40219.1
Project("{FAE04EC0-301F-11D3-BF4B-00C04F79EFBC}") = "Hajos2", "Hajos2\Hajos2.csproj", "{EC3900C6-6EC9-4457-B919-6BB5CBDCF508}"
EndProject
Global
	GlobalSection(SolutionConfigurationPlatforms) = preSolution
		Debug|Any CPU = Debug|Any CPU
		Release|Any CPU = Release|Any CPU
	EndGlobalSection
	GlobalSection(ProjectConfigurationPlatforms) = postSolution
		{EC3900C6-6EC9-4457-B919-6BB5CBDCF508}.Debug|Any CPU.ActiveCfg = Debug|Any CPU
		{EC3900C6-6EC9-4457-B919-6BB5CBDCF508}.Debug|Any CPU.Build.0 = Debug|Any CPU
		{EC3900C6-6EC9-4457-B919-6BB5CBDCF508}.Release|Any CPU.ActiveCfg = Release|Any CPU
		{EC3900C6-6EC9-4457-B919-6BB5CBDCF508}.Release|Any CPU.Build.0 = Release|Any CPU
	EndGlobalSection
	GlobalSection(SolutionProperties) = preSolution
		HideSolutionNode = FALSE
	EndGlobalSection
	GlobalSection(ExtensibilityGlobals) = postSolution
		SolutionGuid = {6D0FBD89-D366-4936-9F3D-2C3F578EC5ED}
	EndGlobalSection
EndGlobal
